<?xml version="1.0" encoding="utf-8"?>
<Project ToolsVersion="4.0" xmlns="http://schemas.microsoft.com/developer/msbuild/2003">
  <ItemGroup>
    <Filter Include="Файлы исходного кода">
      <UniqueIdentifier>{4FC737F1-C7A5-4376-A066-2A32D752A2FF}</UniqueIdentifier>
      <Extensions>cpp;c;cc;cxx;def;odl;idl;hpj;bat;asm;asmx</Extensions>
    </Filter>
    <Filter Include="Заголовочные файлы">
      <UniqueIdentifier>{93995380-89BD-4b04-88EB-625FBE52EBFB}</UniqueIdentifier>
      <Extensions>h;hh;hpp;hxx;hm;inl;inc;xsd</Extensions>
    </Filter>
    <Filter Include="Файлы ресурсов">
      <UniqueIdentifier>{67DA6AB6-F800-4c08-8B7A-83BB121AAD01}</UniqueIdentifier>
      <Extensions>rc;ico;cur;bmp;dlg;rc2;rct;bin;rgs;gif;jpg;jpeg;jpe;resx;tiff;tif;png;wav;mfcribbon-ms</Extensions>
    </Filter>
  </ItemGroup>
  <ItemGroup>
    <ClCompile Include="feminverse.cpp">
      <Filter>Файлы исходного кода</Filter>
    </ClCompile>
    <ClCompile Include="main.cpp">
      <Filter>Файлы исходного кода</Filter>
    </ClCompile>
    <ClCompile Include="femdatgen.cpp">
      <Filter>Файлы исходного кода</Filter>
    </ClCompile>
    <ClCompile Include="femsolver.cpp">
      <Filter>Файлы исходного кода</Filter>
    </ClCompile>
    <ClCompile Include="randomvariable.cpp">
      <Filter>Файлы исходного кода</Filter>
    </ClCompile>
    <ClCompile Include="slau.cpp">
      <Filter>Файлы исходного кода</Filter>
    </ClCompile>
    <ClCompile Include="denseslae.cpp">
      <Filter>Файлы исходного кода</Filter>
    </ClCompile>
    <ClCompile Include="femresonspline.cpp">
      <Filter>Файлы исходного кода</Filter>
    </ClCompile>
    <ClCompile Include="au.cpp">
      <Filter>Файлы исходного кода</Filter>
    </ClCompile>
    <ClCompile Include="fempoint.cpp">
      <Filter>Файлы исходного кода</Filter>
    </ClCompile>
    <ClCompile Include="cubicspline.cpp">
      <Filter>Файлы исходного кода</Filter>
    </ClCompile>
    <ClCompile Include="femdebug.cpp">
      <Filter>Файлы исходного кода</Filter>
    </ClCompile>
    <ClCompile Include="stopwatch.cpp">
      <Filter>Файлы исходного кода</Filter>
    </ClCompile>
  </ItemGroup>
  <ItemGroup>
    <ClInclude Include="feminverse.h">
      <Filter>Заголовочные файлы</Filter>
    </ClInclude>
    <ClInclude Include="femdatgen.h">
      <Filter>Заголовочные файлы</Filter>
    </ClInclude>
    <ClInclude Include="femsolver.h">
      <Filter>Заголовочные файлы</Filter>
    </ClInclude>
    <ClInclude Include="randomvariable.h">
      <Filter>Заголовочные файлы</Filter>
    </ClInclude>
    <ClInclude Include="slau.h">
      <Filter>Заголовочные файлы</Filter>
    </ClInclude>
    <ClInclude Include="typedef.h">
      <Filter>Заголовочные файлы</Filter>
    </ClInclude>
    <ClInclude Include="denseslae.h">
      <Filter>Заголовочные файлы</Filter>
    </ClInclude>
    <ClInclude Include="femresonspline.h">
      <Filter>Заголовочные файлы</Filter>
    </ClInclude>
    <ClInclude Include="au.h">
      <Filter>Заголовочные файлы</Filter>
    </ClInclude>
    <ClInclude Include="femerror.h">
      <Filter>Заголовочные файлы</Filter>
    </ClInclude>
    <ClInclude Include="matrix.h">
      <Filter>Заголовочные файлы</Filter>
    </ClInclude>
    <ClInclude Include="femarea.h">
      <Filter>Заголовочные файлы</Filter>
    </ClInclude>
    <ClInclude Include="femgrid.h">
      <Filter>Заголовочные файлы</Filter>
    </ClInclude>
    <ClInclude Include="femnamespace.h">
      <Filter>Заголовочные файлы</Filter>
    </ClInclude>
    <ClInclude Include="fempoint.h">
      <Filter>Заголовочные файлы</Filter>
    </ClInclude>
    <ClInclude Include="femstuff.h">
      <Filter>Заголовочные файлы</Filter>
    </ClInclude>
    <ClInclude Include="cubicspline.h">
      <Filter>Заголовочные файлы</Filter>
    </ClInclude>
    <ClInclude Include="cubicsplineerror.h">
      <Filter>Заголовочные файлы</Filter>
    </ClInclude>
    <ClInclude Include="femdebug.h">
      <Filter>Заголовочные файлы</Filter>
    </ClInclude>
    <ClInclude Include="stopwatch.h">
      <Filter>Заголовочные файлы</Filter>
    </ClInclude>
  </ItemGroup>
  <ItemGroup>
    <Text Include="in.txt">
      <Filter>Файлы ресурсов</Filter>
    </Text>
    <Text Include="points_2-3.txt">
      <Filter>Файлы ресурсов</Filter>
    </Text>
    <Text Include="linear.txt">
      <Filter>Файлы ресурсов</Filter>
    </Text>
    <Text Include="nonlinear.txt">
      <Filter>Файлы ресурсов</Filter>
    </Text>
    <Text Include="points_1-3.txt">
      <Filter>Файлы ресурсов</Filter>
    </Text>
  </ItemGroup>
</Project>